dependencies:
- name: celestia-node
  repository: file://../celestia-node
  version: 0.4.1
- name: evm-rollup
  repository: file://../evm-rollup
  version: 1.0.1
- name: composer
  repository: file://../composer
  version: 1.0.0
- name: evm-faucet
  repository: file://../evm-faucet
  version: 0.1.4
- name: evm-bridge-withdrawer
  repository: file://../evm-bridge-withdrawer
  version: 1.0.1
- name: postgresql
  repository: https://charts.bitnami.com/bitnami
  version: 15.2.4
- name: blockscout-stack
  repository: https://blockscout.github.io/helm-charts
  version: 1.6.8
digest: sha256:b4cd0856466de796f8221d489bd3fefab81e6536e46de5396045d3180b2df424
generated: "2024-12-16T14:46:48.0965614-05:00"
