dependencies:
- name: evm-rollup
  repository: file://../evm-rollup
  version: 0.25.2
- name: composer
  repository: file://../composer
  version: 0.1.1
- name: evm-faucet
  repository: file://../evm-faucet
  version: 0.1.1
- name: evm-bridge-withdrawer
  repository: file://../evm-bridge-withdrawer
  version: 0.1.2
- name: postgresql
  repository: https://charts.bitnami.com/bitnami
  version: 15.2.4
- name: blockscout-stack
  repository: https://blockscout.github.io/helm-charts
  version: 1.6.2
digest: sha256:2ceebf8976422c02bc200ad1ad636e1bd83a7b94931a024b5034212ef3fde8b3
generated: "2024-08-11T18:04:44.817194+03:00"
