dependencies:
- name: celestia-node
  repository: file://../celestia-node
  version: 0.3.6
- name: evm-rollup
  repository: file://../evm-rollup
  version: 1.0.0
- name: composer
  repository: file://../composer
  version: 1.0.0
- name: evm-faucet
  repository: file://../evm-faucet
  version: 0.1.2
- name: evm-bridge-withdrawer
  repository: file://../evm-bridge-withdrawer
  version: 1.0.1
- name: postgresql
  repository: https://charts.bitnami.com/bitnami
  version: 15.2.4
- name: blockscout-stack
  repository: https://blockscout.github.io/helm-charts
  version: 1.6.2
digest: sha256:b0f9adad7d8a55f86ebd7b2e7aeb4f5b479b5b38a6c423ff013b9a5a57446f4d
generated: "2024-11-01T11:28:14.128143-07:00"
