dependencies:
- name: celestia-node
  repository: file://../celestia-node
  version: 0.2.1
- name: evm-rollup-blockscout
  repository: file://../evm-rollup-blockscout
  version: 0.1.0
digest: sha256:40003472bcc56e3654bb210ab53863004da69485ab5356b7c87a14face4f969d
generated: "2024-03-28T01:20:35.924587-07:00"
